{
  "name": "my-chain",
  "version": "1.0.0",
  "lockfileVersion": 1,
  "requires": true,
  "dependencies": {
    "crypto-js": {
      "version": "3.1.9-1",
      "resolved": "https://registry.npmjs.org/crypto-js/-/crypto-js-3.1.9-1.tgz",
      "integrity": "sha1-/aGedh/Ad+Af+/3G6f38WeiAbNg="
    },
    "nodemon": {
      "version": "1.18.9",
      "resolved": "http://registry.npm.taobao.org/nodemon/download/nodemon-1.18.9.tgz",
      "dev": true,
      "dependencies": {
        "chokidar": {
          "version": "http://registry.npm.taobao.org/chokidar/download/chokidar-2.0.4.tgz",
          "bundled": true
        },
        "debug": {
          "version": "http://registry.npm.taobao.org/debug/download/debug-3.2.6.tgz",
          "bundled": true
        },
        "ignore-by-default": {
          "version": "http://registry.npm.taobao.org/ignore-by-default/download/ignore-by-default-1.0.1.tgz",
          "bundled": true
        },
        "minimatch": {
          "version": "http://registry.npm.taobao.org/minimatch/download/minimatch-3.0.4.tgz",
          "bundled": true
        },
        "pstree.remy": {
          "version": "http://registry.npm.taobao.org/pstree.remy/download/pstree.remy-1.1.6.tgz",
          "bundled": true
        },
        "semver": {
          "version": "http://registry.npm.taobao.org/semver/download/semver-5.6.0.tgz",
          "bundled": true
        },
        "supports-color": {
          "version": "http://registry.npm.taobao.org/supports-color/download/supports-color-5.5.0.tgz",
          "bundled": true,
          "dependencies": {
            "has-flag": {
              "version": "http://registry.npm.taobao.org/has-flag/download/has-flag-3.0.0.tgz",
              "bundled": true
            }
          }
        },
        "touch": {
          "version": "http://registry.npm.taobao.org/touch/download/touch-3.1.0.tgz",
          "bundled": true
        },
        "undefsafe": {
          "version": "http://registry.npm.taobao.org/undefsafe/download/undefsafe-2.0.2.tgz",
          "bundled": true,
          "dependencies": {
            "debug": {
              "version": "http://registry.npm.taobao.org/debug/download/debug-2.6.9.tgz",
              "bundled": true,
              "dependencies": {
                "ms": {
                  "version": "http://registry.npm.taobao.org/ms/download/ms-2.0.0.tgz"
                }
              }
            }
          }
        },
        "update-notifier": {
          "version": "http://registry.npm.taobao.org/update-notifier/download/update-notifier-2.5.0.tgz",
          "bundled": true
        }
      }
    }
  }
}
